PODS:
  - JSSAlertView (3.0.4)
  - SAConfettiView (0.1.8)

DEPENDENCIES:
  - JSSAlertView
  - SAConfettiView

SPEC CHECKSUMS:
  JSSAlertView: 7d8345c88e6fd8b515bc49f0fc8d8c69f6776b9c
  SAConfettiView: c87031a2280659261b730fce3669fb10e73636ee

PODFILE CHECKSUM: 46f3d9b5062361e83cefbbe2e6df18281a7f65ed

COCOAPODS: 1.2.1
